dependencies:
  espressif/esp_jpeg:
    component_hash: 257714f4bd0d8258a122d57715e6ba166de858d6d49d5fb8e70263d5069d8568
    source:
      service_url: https://api.components.espressif.com/
      type: service
    version: 1.0.5~2
  idf:
    component_hash: null
    source:
      type: idf
    version: 4.4.4
manifest_hash: 37690cfd457052bee7f57d9ef97850b2df1ff2ee6d896fb9c47baa06e69a9d2d
target: esp32
version: 1.0.0
